{
  "originHash" : "d6f04b3409d864a286e2979731ccecac733069589c19558eec9d11c7bf2e0805",
  "pins" : [
    {
      "identity" : "uncertain",
      "kind" : "remoteSourceControl",
      "location" : "https://github.com/mattt/Uncertain",
      "state" : {
        "revision" : "419193f31372a8e9981c6beb82f4dbaabf54fec7",
        "version" : "1.3.0"
      }
    }
  ],
  "version" : 3
}
